
Microsoft Visual Studio Solution File, Format Version 12.00
# Visual Studio 2015
Project("{FAE04EC0-301F-11D3-BF4B-00C04F79EFBC}") = "LeapLearning.CSharp", "LeapLearning.CSharp.csproj", "{2A32ADC8-2C88-85C2-EFF8-CE9BAF779718}"
EndProject
Project("{FAE04EC0-301F-11D3-BF4B-00C04F79EFBC}") = "LeapLearning.CSharp.Editor", "LeapLearning.CSharp.Editor.csproj", "{74306864-CCFE-9BE9-6D6A-74B720950BA9}"
EndProject
Global
	GlobalSection(SolutionConfigurationPlatforms) = preSolution
		Debug|Any CPU = Debug|Any CPU
		Release|Any CPU = Release|Any CPU
	EndGlobalSection
	GlobalSection(ProjectConfigurationPlatforms) = postSolution
		{2A32ADC8-2C88-85C2-EFF8-CE9BAF779718}.Debug|Any CPU.ActiveCfg = Debug|Any CPU
		{2A32ADC8-2C88-85C2-EFF8-CE9BAF779718}.Debug|Any CPU.Build.0 = Debug|Any CPU
		{2A32ADC8-2C88-85C2-EFF8-CE9BAF779718}.Release|Any CPU.ActiveCfg = Release|Any CPU
		{2A32ADC8-2C88-85C2-EFF8-CE9BAF779718}.Release|Any CPU.Build.0 = Release|Any CPU
		{74306864-CCFE-9BE9-6D6A-74B720950BA9}.Debug|Any CPU.ActiveCfg = Debug|Any CPU
		{74306864-CCFE-9BE9-6D6A-74B720950BA9}.Debug|Any CPU.Build.0 = Debug|Any CPU
		{74306864-CCFE-9BE9-6D6A-74B720950BA9}.Release|Any CPU.ActiveCfg = Release|Any CPU
		{74306864-CCFE-9BE9-6D6A-74B720950BA9}.Release|Any CPU.Build.0 = Release|Any CPU
	EndGlobalSection
	GlobalSection(SolutionProperties) = preSolution
		HideSolutionNode = FALSE
	EndGlobalSection
EndGlobal
